
Microsoft Visual Studio Solution File, Format Version 12.00
Project("{FAE04EC0-301F-11D3-BF4B-00C04F79EFBC}") = "ChartManager", "ChartManager\ChartManager.csproj", "{484FE5B5-EC76-46D9-B33C-821CEE397855}"
EndProject
Global
	GlobalSection(SolutionConfigurationPlatforms) = preSolution
		Debug|Any CPU = Debug|Any CPU
		Release|Any CPU = Release|Any CPU
	EndGlobalSection
	GlobalSection(ProjectConfigurationPlatforms) = postSolution
		{484FE5B5-EC76-46D9-B33C-821CEE397855}.Debug|Any CPU.ActiveCfg = Debug|Any CPU
		{484FE5B5-EC76-46D9-B33C-821CEE397855}.Debug|Any CPU.Build.0 = Debug|Any CPU
		{484FE5B5-EC76-46D9-B33C-821CEE397855}.Release|Any CPU.ActiveCfg = Release|Any CPU
		{484FE5B5-EC76-46D9-B33C-821CEE397855}.Release|Any CPU.Build.0 = Release|Any CPU
	EndGlobalSection
EndGlobal
